
Microsoft Visual Studio Solution File, Format Version 12.00
# Visual Studio Version 17
VisualStudioVersion = 17.2.32616.157
MinimumVisualStudioVersion = 10.0.40219.1
Project("{9A19103F-16F7-4668-BE54-9A1E7A4F7556}") = "OPC_001", "OPC_001.csproj", "{09B43C1E-E03E-4531-A868-E0E79C96FA31}"
EndProject
Global
	GlobalSection(SolutionConfigurationPlatforms) = preSolution
		Debug|Any CPU = Debug|Any CPU
		Release|Any CPU = Release|Any CPU
	EndGlobalSection
	GlobalSection(ProjectConfigurationPlatforms) = postSolution
		{09B43C1E-E03E-4531-A868-E0E79C96FA31}.Debug|Any CPU.ActiveCfg = Debug|Any CPU
		{09B43C1E-E03E-4531-A868-E0E79C96FA31}.Debug|Any CPU.Build.0 = Debug|Any CPU
		{09B43C1E-E03E-4531-A868-E0E79C96FA31}.Release|Any CPU.ActiveCfg = Release|Any CPU
		{09B43C1E-E03E-4531-A868-E0E79C96FA31}.Release|Any CPU.Build.0 = Release|Any CPU
	EndGlobalSection
	GlobalSection(SolutionProperties) = preSolution
		HideSolutionNode = FALSE
	EndGlobalSection
	GlobalSection(ExtensibilityGlobals) = postSolution
		SolutionGuid = {51B48B59-D293-4B58-A927-3241281EC61D}
	EndGlobalSection
EndGlobal
